
Microsoft Visual Studio Solution File, Format Version 12.00
# Visual Studio 15
VisualStudioVersion = 15.0.28307.1000
MinimumVisualStudioVersion = 10.0.40219.1
Project("{FAE04EC0-301F-11D3-BF4B-00C04F79EFBC}") = "Ase_Assignments", "Ase_Assignments\Ase_Assignments.csproj", "{66754BF6-F9FF-4FAE-81A0-C7E836876296}"
EndProject
Project("{FAE04EC0-301F-11D3-BF4B-00C04F79EFBC}") = "Graphics.UnitTest", "Graphics.UnitTest\Graphics.UnitTest.csproj", "{9F5D00C1-9257-474F-BE2A-96C697855179}"
EndProject
Global
	GlobalSection(SolutionConfigurationPlatforms) = preSolution
		Debug|Any CPU = Debug|Any CPU
		Release|Any CPU = Release|Any CPU
	EndGlobalSection
	GlobalSection(ProjectConfigurationPlatforms) = postSolution
		{66754BF6-F9FF-4FAE-81A0-C7E836876296}.Debug|Any CPU.ActiveCfg = Debug|Any CPU
		{66754BF6-F9FF-4FAE-81A0-C7E836876296}.Debug|Any CPU.Build.0 = Debug|Any CPU
		{66754BF6-F9FF-4FAE-81A0-C7E836876296}.Release|Any CPU.ActiveCfg = Release|Any CPU
		{66754BF6-F9FF-4FAE-81A0-C7E836876296}.Release|Any CPU.Build.0 = Release|Any CPU
		{9F5D00C1-9257-474F-BE2A-96C697855179}.Debug|Any CPU.ActiveCfg = Debug|Any CPU
		{9F5D00C1-9257-474F-BE2A-96C697855179}.Debug|Any CPU.Build.0 = Debug|Any CPU
		{9F5D00C1-9257-474F-BE2A-96C697855179}.Release|Any CPU.ActiveCfg = Release|Any CPU
		{9F5D00C1-9257-474F-BE2A-96C697855179}.Release|Any CPU.Build.0 = Release|Any CPU
	EndGlobalSection
	GlobalSection(SolutionProperties) = preSolution
		HideSolutionNode = FALSE
	EndGlobalSection
	GlobalSection(ExtensibilityGlobals) = postSolution
		SolutionGuid = {89790316-7A81-4E96-85C4-9825CA6B8A3E}
	EndGlobalSection
EndGlobal
